
Microsoft Visual Studio Solution File, Format Version 12.00
# Visual Studio Version 16
VisualStudioVersion = 16.0.28315.86
MinimumVisualStudioVersion = 10.0.40219.1
Project("{2150E333-8FDC-42A3-9474-1A3956D46DE8}") = "Engine", "Engine", "{55DA995D-C602-4894-9FE2-84EA3AAEF805}"
EndProject
Project("{2150E333-8FDC-42A3-9474-1A3956D46DE8}") = "Games", "Games", "{33577B8D-A32E-42E9-8355-0E2FAECCC71C}"
EndProject
Project("{8BC9CEB8-8B4A-11D0-8D11-00A0C91BC942}") = "UE4", "Intermediate\ProjectFiles\UE4.vcxproj", "{31B98F67-0B64-4A3A-8C17-E4573E5DB9A0}"
EndProject
Project("{8BC9CEB8-8B4A-11D0-8D11-00A0C91BC942}") = "ES_BPLibrary", "Intermediate\ProjectFiles\ES_BPLibrary.vcxproj", "{0BBB2DB9-515B-4098-9FD0-37D508D94E50}"
EndProject
Project("{2150E333-8FDC-42A3-9474-1A3956D46DE8}") = "Visualizers", "Visualizers", "{7BD14B2F-6825-4712-9AAE-B694AC1AD1D4}"
	ProjectSection(SolutionItems) = preProject
		D:\Epic Games\UE_4.23\Engine\Extras\VisualStudioDebugging\UE4.natvis = D:\Epic Games\UE_4.23\Engine\Extras\VisualStudioDebugging\UE4.natvis
	EndProjectSection
EndProject
Global
	GlobalSection(SolutionConfigurationPlatforms) = preSolution
		DebugGame Editor|Android = DebugGame Editor|Android
		DebugGame Editor|HTML5 = DebugGame Editor|HTML5
		DebugGame Editor|IOS = DebugGame Editor|IOS
		DebugGame Editor|Win32 = DebugGame Editor|Win32
		DebugGame Editor|Win64 = DebugGame Editor|Win64
		DebugGame|Android = DebugGame|Android
		DebugGame|HTML5 = DebugGame|HTML5
		DebugGame|IOS = DebugGame|IOS
		DebugGame|Win32 = DebugGame|Win32
		DebugGame|Win64 = DebugGame|Win64
		Development Editor|Android = Development Editor|Android
		Development Editor|HTML5 = Development Editor|HTML5
		Development Editor|IOS = Development Editor|IOS
		Development Editor|Win32 = Development Editor|Win32
		Development Editor|Win64 = Development Editor|Win64
		Development|Android = Development|Android
		Development|HTML5 = Development|HTML5
		Development|IOS = Development|IOS
		Development|Win32 = Development|Win32
		Development|Win64 = Development|Win64
		Shipping|Android = Shipping|Android
		Shipping|HTML5 = Shipping|HTML5
		Shipping|IOS = Shipping|IOS
		Shipping|Win32 = Shipping|Win32
		Shipping|Win64 = Shipping|Win64
	EndGlobalSection
	GlobalSection(ProjectConfigurationPlatforms) = postSolution
		{31B98F67-0B64-4A3A-8C17-E4573E5DB9A0}.DebugGame Editor|Android.ActiveCfg = BuiltWithUnrealBuildTool|Win32
		{31B98F67-0B64-4A3A-8C17-E4573E5DB9A0}.DebugGame Editor|HTML5.ActiveCfg = BuiltWithUnrealBuildTool|Win32
		{31B98F67-0B64-4A3A-8C17-E4573E5DB9A0}.DebugGame Editor|IOS.ActiveCfg = BuiltWithUnrealBuildTool|Win32
		{31B98F67-0B64-4A3A-8C17-E4573E5DB9A0}.DebugGame Editor|Win32.ActiveCfg = BuiltWithUnrealBuildTool|Win32
		{31B98F67-0B64-4A3A-8C17-E4573E5DB9A0}.DebugGame Editor|Win64.ActiveCfg = BuiltWithUnrealBuildTool|Win32
		{31B98F67-0B64-4A3A-8C17-E4573E5DB9A0}.DebugGame|Android.ActiveCfg = BuiltWithUnrealBuildTool|Win32
		{31B98F67-0B64-4A3A-8C17-E4573E5DB9A0}.DebugGame|HTML5.ActiveCfg = BuiltWithUnrealBuildTool|Win32
		{31B98F67-0B64-4A3A-8C17-E4573E5DB9A0}.DebugGame|IOS.ActiveCfg = BuiltWithUnrealBuildTool|Win32
		{31B98F67-0B64-4A3A-8C17-E4573E5DB9A0}.DebugGame|Win32.ActiveCfg = BuiltWithUnrealBuildTool|Win32
		{31B98F67-0B64-4A3A-8C17-E4573E5DB9A0}.DebugGame|Win64.ActiveCfg = BuiltWithUnrealBuildTool|Win32
		{31B98F67-0B64-4A3A-8C17-E4573E5DB9A0}.Development Editor|Android.ActiveCfg = BuiltWithUnrealBuildTool|Win32
		{31B98F67-0B64-4A3A-8C17-E4573E5DB9A0}.Development Editor|HTML5.ActiveCfg = BuiltWithUnrealBuildTool|Win32
		{31B98F67-0B64-4A3A-8C17-E4573E5DB9A0}.Development Editor|IOS.ActiveCfg = BuiltWithUnrealBuildTool|Win32
		{31B98F67-0B64-4A3A-8C17-E4573E5DB9A0}.Development Editor|Win32.ActiveCfg = BuiltWithUnrealBuildTool|Win32
		{31B98F67-0B64-4A3A-8C17-E4573E5DB9A0}.Development Editor|Win64.ActiveCfg = BuiltWithUnrealBuildTool|Win32
		{31B98F67-0B64-4A3A-8C17-E4573E5DB9A0}.Development|Android.ActiveCfg = BuiltWithUnrealBuildTool|Win32
		{31B98F67-0B64-4A3A-8C17-E4573E5DB9A0}.Development|HTML5.ActiveCfg = BuiltWithUnrealBuildTool|Win32
		{31B98F67-0B64-4A3A-8C17-E4573E5DB9A0}.Development|IOS.ActiveCfg = BuiltWithUnrealBuildTool|Win32
		{31B98F67-0B64-4A3A-8C17-E4573E5DB9A0}.Development|Win32.ActiveCfg = BuiltWithUnrealBuildTool|Win32
		{31B98F67-0B64-4A3A-8C17-E4573E5DB9A0}.Development|Win64.ActiveCfg = BuiltWithUnrealBuildTool|Win32
		{31B98F67-0B64-4A3A-8C17-E4573E5DB9A0}.Shipping|Android.ActiveCfg = BuiltWithUnrealBuildTool|Win32
		{31B98F67-0B64-4A3A-8C17-E4573E5DB9A0}.Shipping|HTML5.ActiveCfg = BuiltWithUnrealBuildTool|Win32
		{31B98F67-0B64-4A3A-8C17-E4573E5DB9A0}.Shipping|IOS.ActiveCfg = BuiltWithUnrealBuildTool|Win32
		{31B98F67-0B64-4A3A-8C17-E4573E5DB9A0}.Shipping|Win32.ActiveCfg = BuiltWithUnrealBuildTool|Win32
		{31B98F67-0B64-4A3A-8C17-E4573E5DB9A0}.Shipping|Win64.ActiveCfg = BuiltWithUnrealBuildTool|Win32
		{0BBB2DB9-515B-4098-9FD0-37D508D94E50}.DebugGame Editor|Android.ActiveCfg = Invalid|Win32
		{0BBB2DB9-515B-4098-9FD0-37D508D94E50}.DebugGame Editor|HTML5.ActiveCfg = Invalid|Win32
		{0BBB2DB9-515B-4098-9FD0-37D508D94E50}.DebugGame Editor|IOS.ActiveCfg = Invalid|Win32
		{0BBB2DB9-515B-4098-9FD0-37D508D94E50}.DebugGame Editor|Win32.ActiveCfg = Invalid|Win32
		{0BBB2DB9-515B-4098-9FD0-37D508D94E50}.DebugGame Editor|Win64.ActiveCfg = DebugGame_Editor|x64
		{0BBB2DB9-515B-4098-9FD0-37D508D94E50}.DebugGame Editor|Win64.Build.0 = DebugGame_Editor|x64
		{0BBB2DB9-515B-4098-9FD0-37D508D94E50}.DebugGame|Android.ActiveCfg = Android_DebugGame|Win32
		{0BBB2DB9-515B-4098-9FD0-37D508D94E50}.DebugGame|Android.Build.0 = Android_DebugGame|Win32
		{0BBB2DB9-515B-4098-9FD0-37D508D94E50}.DebugGame|HTML5.ActiveCfg = HTML5_DebugGame|Win32
		{0BBB2DB9-515B-4098-9FD0-37D508D94E50}.DebugGame|HTML5.Build.0 = HTML5_DebugGame|Win32
		{0BBB2DB9-515B-4098-9FD0-37D508D94E50}.DebugGame|IOS.ActiveCfg = IOS_DebugGame|Win32
		{0BBB2DB9-515B-4098-9FD0-37D508D94E50}.DebugGame|IOS.Build.0 = IOS_DebugGame|Win32
		{0BBB2DB9-515B-4098-9FD0-37D508D94E50}.DebugGame|Win32.ActiveCfg = DebugGame|Win32
		{0BBB2DB9-515B-4098-9FD0-37D508D94E50}.DebugGame|Win32.Build.0 = DebugGame|Win32
		{0BBB2DB9-515B-4098-9FD0-37D508D94E50}.DebugGame|Win64.ActiveCfg = DebugGame|x64
		{0BBB2DB9-515B-4098-9FD0-37D508D94E50}.DebugGame|Win64.Build.0 = DebugGame|x64
		{0BBB2DB9-515B-4098-9FD0-37D508D94E50}.Development Editor|Android.ActiveCfg = Invalid|Win32
		{0BBB2DB9-515B-4098-9FD0-37D508D94E50}.Development Editor|HTML5.ActiveCfg = Invalid|Win32
		{0BBB2DB9-515B-4098-9FD0-37D508D94E50}.Development Editor|IOS.ActiveCfg = Invalid|Win32
		{0BBB2DB9-515B-4098-9FD0-37D508D94E50}.Development Editor|Win32.ActiveCfg = Invalid|Win32
		{0BBB2DB9-515B-4098-9FD0-37D508D94E50}.Development Editor|Win64.ActiveCfg = Development_Editor|x64
		{0BBB2DB9-515B-4098-9FD0-37D508D94E50}.Development Editor|Win64.Build.0 = Development_Editor|x64
		{0BBB2DB9-515B-4098-9FD0-37D508D94E50}.Development|Android.ActiveCfg = Android_Development|Win32
		{0BBB2DB9-515B-4098-9FD0-37D508D94E50}.Development|Android.Build.0 = Android_Development|Win32
		{0BBB2DB9-515B-4098-9FD0-37D508D94E50}.Development|HTML5.ActiveCfg = HTML5_Development|Win32
		{0BBB2DB9-515B-4098-9FD0-37D508D94E50}.Development|HTML5.Build.0 = HTML5_Development|Win32
		{0BBB2DB9-515B-4098-9FD0-37D508D94E50}.Development|IOS.ActiveCfg = IOS_Development|Win32
		{0BBB2DB9-515B-4098-9FD0-37D508D94E50}.Development|IOS.Build.0 = IOS_Development|Win32
		{0BBB2DB9-515B-4098-9FD0-37D508D94E50}.Development|Win32.ActiveCfg = Development|Win32
		{0BBB2DB9-515B-4098-9FD0-37D508D94E50}.Development|Win32.Build.0 = Development|Win32
		{0BBB2DB9-515B-4098-9FD0-37D508D94E50}.Development|Win64.ActiveCfg = Development|x64
		{0BBB2DB9-515B-4098-9FD0-37D508D94E50}.Development|Win64.Build.0 = Development|x64
		{0BBB2DB9-515B-4098-9FD0-37D508D94E50}.Shipping|Android.ActiveCfg = Android_Shipping|Win32
		{0BBB2DB9-515B-4098-9FD0-37D508D94E50}.Shipping|Android.Build.0 = Android_Shipping|Win32
		{0BBB2DB9-515B-4098-9FD0-37D508D94E50}.Shipping|HTML5.ActiveCfg = HTML5_Shipping|Win32
		{0BBB2DB9-515B-4098-9FD0-37D508D94E50}.Shipping|HTML5.Build.0 = HTML5_Shipping|Win32
		{0BBB2DB9-515B-4098-9FD0-37D508D94E50}.Shipping|IOS.ActiveCfg = IOS_Shipping|Win32
		{0BBB2DB9-515B-4098-9FD0-37D508D94E50}.Shipping|IOS.Build.0 = IOS_Shipping|Win32
		{0BBB2DB9-515B-4098-9FD0-37D508D94E50}.Shipping|Win32.ActiveCfg = Shipping|Win32
		{0BBB2DB9-515B-4098-9FD0-37D508D94E50}.Shipping|Win32.Build.0 = Shipping|Win32
		{0BBB2DB9-515B-4098-9FD0-37D508D94E50}.Shipping|Win64.ActiveCfg = Shipping|x64
		{0BBB2DB9-515B-4098-9FD0-37D508D94E50}.Shipping|Win64.Build.0 = Shipping|x64
	EndGlobalSection
	GlobalSection(SolutionProperties) = preSolution
		HideSolutionNode = FALSE
	EndGlobalSection
	GlobalSection(NestedProjects) = preSolution
		{31B98F67-0B64-4A3A-8C17-E4573E5DB9A0} = {55DA995D-C602-4894-9FE2-84EA3AAEF805}
		{0BBB2DB9-515B-4098-9FD0-37D508D94E50} = {33577B8D-A32E-42E9-8355-0E2FAECCC71C}
	EndGlobalSection
EndGlobal
